
Microsoft Visual Studio Solution File, Format Version 12.00
# Visual Studio Version 17
VisualStudioVersion = 17.3.32929.385
MinimumVisualStudioVersion = 10.0.40219.1
Project("{2150E333-8FDC-42A3-9474-1A3956D46DE8}") = "Source", "Source", "{AD6219E1-E1F6-4B84-BE30-2F05578E1D8A}"
EndProject
Project("{2150E333-8FDC-42A3-9474-1A3956D46DE8}") = "Core", "Core", "{FEB7E7B2-86C6-44DF-9553-CD58B770B8CE}"
EndProject
Project("{2150E333-8FDC-42A3-9474-1A3956D46DE8}") = "Infrastructure", "Infrastructure", "{2D399A10-8F50-419E-BC04-A616910CC2BB}"
EndProject
Project("{2150E333-8FDC-42A3-9474-1A3956D46DE8}") = "Shared", "Shared", "{51B9FE84-D415-4E1B-801B-42D005791C37}"
EndProject
Project("{2150E333-8FDC-42A3-9474-1A3956D46DE8}") = "Web", "Web", "{51BBC5E1-1C60-4E0C-B2CD-D039A0B1ECFD}"
EndProject
Project("{2150E333-8FDC-42A3-9474-1A3956D46DE8}") = "Client", "Client", "{A1013099-A5E9-41C9-904A-7EC09F38FE28}"
EndProject
Project("{2150E333-8FDC-42A3-9474-1A3956D46DE8}") = "Server", "Server", "{E0D859D9-C108-4D52-9548-5DD39ADCCC94}"
EndProject
Project("{9A19103F-16F7-4668-BE54-9A1E7A4F7556}") = "TGProV4.Infrastructure", "src\TGProV4.Infrastructure\TGProV4.Infrastructure.csproj", "{012EE894-D147-4A66-BB50-4A12D8C7CBE5}"
EndProject
Project("{9A19103F-16F7-4668-BE54-9A1E7A4F7556}") = "TGProV4.Application", "src\TGProV4.Application\TGProV4.Application.csproj", "{CC4594C0-F0B9-4D69-B1B6-610DCB42A578}"
EndProject
Project("{9A19103F-16F7-4668-BE54-9A1E7A4F7556}") = "TGProV4.Domain", "src\TGProV4.Domain\TGProV4.Domain.csproj", "{7D042A85-4693-4B95-B7B0-C54835B7DEAC}"
EndProject
Project("{9A19103F-16F7-4668-BE54-9A1E7A4F7556}") = "TGProV4.Shared", "src\TGProV4.Shared\TGProV4.Shared.csproj", "{A40E2438-6B08-4DC4-BD07-CD9FB78C4B4C}"
EndProject
Project("{9A19103F-16F7-4668-BE54-9A1E7A4F7556}") = "TGProV4.Server", "src\TGProV4.Server\TGProV4.Server.csproj", "{F7952B18-55C5-4A34-ADE6-5766922B0292}"
EndProject
Project("{9A19103F-16F7-4668-BE54-9A1E7A4F7556}") = "TGProV4.Client", "src\TGProV4.Client\TGProV4.Client.csproj", "{05FB0240-DB27-4102-9B27-23BD8B2C6F4C}"
EndProject
Project("{2150E333-8FDC-42A3-9474-1A3956D46DE8}") = "Solution Items", "Solution Items", "{5F384528-9077-42EF-BD2C-9937450B49E2}"
	ProjectSection(SolutionItems) = preProject
		docker-compose.yml = docker-compose.yml
		README.md = README.md
		.editorconfig = .editorconfig
	EndProjectSection
EndProject
Global
	GlobalSection(SolutionConfigurationPlatforms) = preSolution
		Debug|Any CPU = Debug|Any CPU
		Release|Any CPU = Release|Any CPU
	EndGlobalSection
	GlobalSection(ProjectConfigurationPlatforms) = postSolution
		{012EE894-D147-4A66-BB50-4A12D8C7CBE5}.Debug|Any CPU.ActiveCfg = Debug|Any CPU
		{012EE894-D147-4A66-BB50-4A12D8C7CBE5}.Debug|Any CPU.Build.0 = Debug|Any CPU
		{012EE894-D147-4A66-BB50-4A12D8C7CBE5}.Release|Any CPU.ActiveCfg = Release|Any CPU
		{012EE894-D147-4A66-BB50-4A12D8C7CBE5}.Release|Any CPU.Build.0 = Release|Any CPU
		{CC4594C0-F0B9-4D69-B1B6-610DCB42A578}.Debug|Any CPU.ActiveCfg = Debug|Any CPU
		{CC4594C0-F0B9-4D69-B1B6-610DCB42A578}.Debug|Any CPU.Build.0 = Debug|Any CPU
		{CC4594C0-F0B9-4D69-B1B6-610DCB42A578}.Release|Any CPU.ActiveCfg = Release|Any CPU
		{CC4594C0-F0B9-4D69-B1B6-610DCB42A578}.Release|Any CPU.Build.0 = Release|Any CPU
		{7D042A85-4693-4B95-B7B0-C54835B7DEAC}.Debug|Any CPU.ActiveCfg = Debug|Any CPU
		{7D042A85-4693-4B95-B7B0-C54835B7DEAC}.Debug|Any CPU.Build.0 = Debug|Any CPU
		{7D042A85-4693-4B95-B7B0-C54835B7DEAC}.Release|Any CPU.ActiveCfg = Release|Any CPU
		{7D042A85-4693-4B95-B7B0-C54835B7DEAC}.Release|Any CPU.Build.0 = Release|Any CPU
		{A40E2438-6B08-4DC4-BD07-CD9FB78C4B4C}.Debug|Any CPU.ActiveCfg = Debug|Any CPU
		{A40E2438-6B08-4DC4-BD07-CD9FB78C4B4C}.Debug|Any CPU.Build.0 = Debug|Any CPU
		{A40E2438-6B08-4DC4-BD07-CD9FB78C4B4C}.Release|Any CPU.ActiveCfg = Release|Any CPU
		{A40E2438-6B08-4DC4-BD07-CD9FB78C4B4C}.Release|Any CPU.Build.0 = Release|Any CPU
		{F7952B18-55C5-4A34-ADE6-5766922B0292}.Debug|Any CPU.ActiveCfg = Debug|Any CPU
		{F7952B18-55C5-4A34-ADE6-5766922B0292}.Debug|Any CPU.Build.0 = Debug|Any CPU
		{F7952B18-55C5-4A34-ADE6-5766922B0292}.Release|Any CPU.ActiveCfg = Release|Any CPU
		{F7952B18-55C5-4A34-ADE6-5766922B0292}.Release|Any CPU.Build.0 = Release|Any CPU
		{05FB0240-DB27-4102-9B27-23BD8B2C6F4C}.Debug|Any CPU.ActiveCfg = Debug|Any CPU
		{05FB0240-DB27-4102-9B27-23BD8B2C6F4C}.Debug|Any CPU.Build.0 = Debug|Any CPU
		{05FB0240-DB27-4102-9B27-23BD8B2C6F4C}.Release|Any CPU.ActiveCfg = Release|Any CPU
		{05FB0240-DB27-4102-9B27-23BD8B2C6F4C}.Release|Any CPU.Build.0 = Release|Any CPU
	EndGlobalSection
	GlobalSection(SolutionProperties) = preSolution
		HideSolutionNode = FALSE
	EndGlobalSection
	GlobalSection(NestedProjects) = preSolution
		{FEB7E7B2-86C6-44DF-9553-CD58B770B8CE} = {AD6219E1-E1F6-4B84-BE30-2F05578E1D8A}
		{2D399A10-8F50-419E-BC04-A616910CC2BB} = {AD6219E1-E1F6-4B84-BE30-2F05578E1D8A}
		{51B9FE84-D415-4E1B-801B-42D005791C37} = {AD6219E1-E1F6-4B84-BE30-2F05578E1D8A}
		{51BBC5E1-1C60-4E0C-B2CD-D039A0B1ECFD} = {AD6219E1-E1F6-4B84-BE30-2F05578E1D8A}
		{A1013099-A5E9-41C9-904A-7EC09F38FE28} = {51BBC5E1-1C60-4E0C-B2CD-D039A0B1ECFD}
		{E0D859D9-C108-4D52-9548-5DD39ADCCC94} = {51BBC5E1-1C60-4E0C-B2CD-D039A0B1ECFD}
		{012EE894-D147-4A66-BB50-4A12D8C7CBE5} = {2D399A10-8F50-419E-BC04-A616910CC2BB}
		{CC4594C0-F0B9-4D69-B1B6-610DCB42A578} = {FEB7E7B2-86C6-44DF-9553-CD58B770B8CE}
		{7D042A85-4693-4B95-B7B0-C54835B7DEAC} = {FEB7E7B2-86C6-44DF-9553-CD58B770B8CE}
		{A40E2438-6B08-4DC4-BD07-CD9FB78C4B4C} = {51B9FE84-D415-4E1B-801B-42D005791C37}
		{F7952B18-55C5-4A34-ADE6-5766922B0292} = {E0D859D9-C108-4D52-9548-5DD39ADCCC94}
		{05FB0240-DB27-4102-9B27-23BD8B2C6F4C} = {A1013099-A5E9-41C9-904A-7EC09F38FE28}
	EndGlobalSection
	GlobalSection(ExtensibilityGlobals) = postSolution
		SolutionGuid = {1A361026-7617-4F71-AAB6-0E6E3D6263D4}
	EndGlobalSection
EndGlobal
